// !$*UTF8*$!
{
	archiveVersion = 1;
	classes = {
	};
	objectVersion = 56;
	objects = {

/* Begin PBXBuildFile section */
		6082627F29658DF40065F9E4 /* AppDelegate.swift in Sources */ = {isa = PBXBuildFile; fileRef = 6082627E29658DF40065F9E4 /* AppDelegate.swift */; };
		6082628129658DF40065F9E4 /* SceneDelegate.swift in Sources */ = {isa = PBXBuildFile; fileRef = 6082628029658DF40065F9E4 /* SceneDelegate.swift */; };
		6082628829658DF40065F9E4 /* Assets.xcassets in Resources */ = {isa = PBXBuildFile; fileRef = 6082628729658DF40065F9E4 /* Assets.xcassets */; };
		6082628B29658DF40065F9E4 /* LaunchScreen.storyboard in Resources */ = {isa = PBXBuildFile; fileRef = 6082628929658DF40065F9E4 /* LaunchScreen.storyboard */; };
		6082629629658DF40065F9E4 /* StoreTests.swift in Sources */ = {isa = PBXBuildFile; fileRef = 6082629529658DF40065F9E4 /* StoreTests.swift */; };
		608262A029658DF50065F9E4 /* StoreUITests.swift in Sources */ = {isa = PBXBuildFile; fileRef = 6082629F29658DF50065F9E4 /* StoreUITests.swift */; };
		608262A229658DF50065F9E4 /* StoreUITestsLaunchTests.swift in Sources */ = {isa = PBXBuildFile; fileRef = 608262A129658DF50065F9E4 /* StoreUITestsLaunchTests.swift */; };
		608262B229658EB50065F9E4 /* CategoriesTableViewController.swift in Sources */ = {isa = PBXBuildFile; fileRef = 608262B129658EB50065F9E4 /* CategoriesTableViewController.swift */; };
		608262B52965933E0065F9E4 /* StoreHTTPClient.swift in Sources */ = {isa = PBXBuildFile; fileRef = 608262B42965933E0065F9E4 /* StoreHTTPClient.swift */; };
		608262B8296593E40065F9E4 /* Category.swift in Sources */ = {isa = PBXBuildFile; fileRef = 608262B7296593E40065F9E4 /* Category.swift */; };
		608262BB296594500065F9E4 /* URL+Extensions.swift in Sources */ = {isa = PBXBuildFile; fileRef = 608262BA296594500065F9E4 /* URL+Extensions.swift */; };
/* End PBXBuildFile section */

/* Begin PBXContainerItemProxy section */
		6082629229658DF40065F9E4 /* PBXContainerItemProxy */ = {
			isa = PBXContainerItemProxy;
			containerPortal = 6082627329658DF40065F9E4 /* Project object */;
			proxyType = 1;
			remoteGlobalIDString = 6082627A29658DF40065F9E4;
			remoteInfo = Store;
		};
		6082629C29658DF50065F9E4 /* PBXContainerItemProxy */ = {
			isa = PBXContainerItemProxy;
			containerPortal = 6082627329658DF40065F9E4 /* Project object */;
			proxyType = 1;
			remoteGlobalIDString = 6082627A29658DF40065F9E4;
			remoteInfo = Store;
		};
/* End PBXContainerItemProxy section */

/* Begin PBXFileReference section */
		6082627B29658DF40065F9E4 /* Store.app */ = {isa = PBXFileReference; explicitFileType = wrapper.application; includeInIndex = 0; path = Store.app; sourceTree = BUILT_PRODUCTS_DIR; };
		6082627E29658DF40065F9E4 /* AppDelegate.swift */ = {isa = PBXFileReference; lastKnownFileType = sourcecode.swift; path = AppDelegate.swift; sourceTree = "<group>"; };
		6082628029658DF40065F9E4 /* SceneDelegate.swift */ = {isa = PBXFileReference; lastKnownFileType = sourcecode.swift; path = SceneDelegate.swift; sourceTree = "<group>"; };
		6082628729658DF40065F9E4 /* Assets.xcassets */ = {isa = PBXFileReference; lastKnownFileType = folder.assetcatalog; path = Assets.xcassets; sourceTree = "<group>"; };
		6082628A29658DF40065F9E4 /* Base */ = {isa = PBXFileReference; lastKnownFileType = file.storyboard; name = Base; path = Base.lproj/LaunchScreen.storyboard; sourceTree = "<group>"; };
		6082628C29658DF40065F9E4 /* Info.plist */ = {isa = PBXFileReference; lastKnownFileType = text.plist.xml; path = Info.plist; sourceTree = "<group>"; };
		6082629129658DF40065F9E4 /* StoreTests.xctest */ = {isa = PBXFileReference; explicitFileType = wrapper.cfbundle; includeInIndex = 0; path = StoreTests.xctest; sourceTree = BUILT_PRODUCTS_DIR; };
		6082629529658DF40065F9E4 /* StoreTests.swift */ = {isa = PBXFileReference; lastKnownFileType = sourcecode.swift; path = StoreTests.swift; sourceTree = "<group>"; };
		6082629B29658DF50065F9E4 /* StoreUITests.xctest */ = {isa = PBXFileReference; explicitFileType = wrapper.cfbundle; includeInIndex = 0; path = StoreUITests.xctest; sourceTree = BUILT_PRODUCTS_DIR; };
		6082629F29658DF50065F9E4 /* StoreUITests.swift */ = {isa = PBXFileReference; lastKnownFileType = sourcecode.swift; path = StoreUITests.swift; sourceTree = "<group>"; };
		608262A129658DF50065F9E4 /* StoreUITestsLaunchTests.swift */ = {isa = PBXFileReference; lastKnownFileType = sourcecode.swift; path = StoreUITestsLaunchTests.swift; sourceTree = "<group>"; };
		608262B129658EB50065F9E4 /* CategoriesTableViewController.swift */ = {isa = PBXFileReference; lastKnownFileType = sourcecode.swift; path = CategoriesTableViewController.swift; sourceTree = "<group>"; };
		608262B42965933E0065F9E4 /* StoreHTTPClient.swift */ = {isa = PBXFileReference; lastKnownFileType = sourcecode.swift; path = StoreHTTPClient.swift; sourceTree = "<group>"; };
		608262B7296593E40065F9E4 /* Category.swift */ = {isa = PBXFileReference; lastKnownFileType = sourcecode.swift; path = Category.swift; sourceTree = "<group>"; };
		608262BA296594500065F9E4 /* URL+Extensions.swift */ = {isa = PBXFileReference; lastKnownFileType = sourcecode.swift; path = "URL+Extensions.swift"; sourceTree = "<group>"; };
/* End PBXFileReference section */

/* Begin PBXFrameworksBuildPhase section */
		6082627829658DF40065F9E4 /* Frameworks */ = {
			isa = PBXFrameworksBuildPhase;
			buildActionMask = 2147483647;
			files = (
			);
			runOnlyForDeploymentPostprocessing = 0;
		};
		6082628E29658DF40065F9E4 /* Frameworks */ = {
			isa = PBXFrameworksBuildPhase;
			buildActionMask = 2147483647;
			files = (
			);
			runOnlyForDeploymentPostprocessing = 0;
		};
		6082629829658DF50065F9E4 /* Frameworks */ = {
			isa = PBXFrameworksBuildPhase;
			buildActionMask = 2147483647;
			files = (
			);
			runOnlyForDeploymentPostprocessing = 0;
		};
/* End PBXFrameworksBuildPhase section */

/* Begin PBXGroup section */
		6082627229658DF40065F9E4 = {
			isa = PBXGroup;
			children = (
				6082627D29658DF40065F9E4 /* Store */,
				6082629429658DF40065F9E4 /* StoreTests */,
				6082629E29658DF50065F9E4 /* StoreUITests */,
				6082627C29658DF40065F9E4 /* Products */,
			);
			sourceTree = "<group>";
		};
		6082627C29658DF40065F9E4 /* Products */ = {
			isa = PBXGroup;
			children = (
				6082627B29658DF40065F9E4 /* Store.app */,
				6082629129658DF40065F9E4 /* StoreTests.xctest */,
				6082629B29658DF50065F9E4 /* StoreUITests.xctest */,
			);
			name = Products;
			sourceTree = "<group>";
		};
		6082627D29658DF40065F9E4 /* Store */ = {
			isa = PBXGroup;
			children = (
				608262B9296594430065F9E4 /* Extensions */,
				608262B6296593DD0065F9E4 /* Model */,
				608262B32965932E0065F9E4 /* Clients */,
				608262AE29658E670065F9E4 /* Sources */,
				608262B029658E880065F9E4 /* Screens */,
				608262AF29658E710065F9E4 /* Controllers */,
				6082628C29658DF40065F9E4 /* Info.plist */,
			);
			path = Store;
			sourceTree = "<group>";
		};
		6082629429658DF40065F9E4 /* StoreTests */ = {
			isa = PBXGroup;
			children = (
				6082629529658DF40065F9E4 /* StoreTests.swift */,
			);
			path = StoreTests;
			sourceTree = "<group>";
		};
		6082629E29658DF50065F9E4 /* StoreUITests */ = {
			isa = PBXGroup;
			children = (
				6082629F29658DF50065F9E4 /* StoreUITests.swift */,
				608262A129658DF50065F9E4 /* StoreUITestsLaunchTests.swift */,
			);
			path = StoreUITests;
			sourceTree = "<group>";
		};
		608262AE29658E670065F9E4 /* Sources */ = {
			isa = PBXGroup;
			children = (
				6082627E29658DF40065F9E4 /* AppDelegate.swift */,
				6082628029658DF40065F9E4 /* SceneDelegate.swift */,
			);
			path = Sources;
			sourceTree = "<group>";
		};
		608262AF29658E710065F9E4 /* Controllers */ = {
			isa = PBXGroup;
			children = (
				608262B129658EB50065F9E4 /* CategoriesTableViewController.swift */,
			);
			path = Controllers;
			sourceTree = "<group>";
		};
		608262B029658E880065F9E4 /* Screens */ = {
			isa = PBXGroup;
			children = (
				6082628729658DF40065F9E4 /* Assets.xcassets */,
				6082628929658DF40065F9E4 /* LaunchScreen.storyboard */,
			);
			path = Screens;
			sourceTree = "<group>";
		};
		608262B32965932E0065F9E4 /* Clients */ = {
			isa = PBXGroup;
			children = (
				608262B42965933E0065F9E4 /* StoreHTTPClient.swift */,
			);
			path = Clients;
			sourceTree = "<group>";
		};
		608262B6296593DD0065F9E4 /* Model */ = {
			isa = PBXGroup;
			children = (
				608262B7296593E40065F9E4 /* Category.swift */,
			);
			path = Model;
			sourceTree = "<group>";
		};
		608262B9296594430065F9E4 /* Extensions */ = {
			isa = PBXGroup;
			children = (
				608262BA296594500065F9E4 /* URL+Extensions.swift */,
			);
			path = Extensions;
			sourceTree = "<group>";
		};
/* End PBXGroup section */

/* Begin PBXNativeTarget section */
		6082627A29658DF40065F9E4 /* Store */ = {
			isa = PBXNativeTarget;
			buildConfigurationList = 608262A529658DF50065F9E4 /* Build configuration list for PBXNativeTarget "Store" */;
			buildPhases = (
				6082627729658DF40065F9E4 /* Sources */,
				6082627829658DF40065F9E4 /* Frameworks */,
				6082627929658DF40065F9E4 /* Resources */,
			);
			buildRules = (
			);
			dependencies = (
			);
			name = Store;
			productName = Store;
			productReference = 6082627B29658DF40065F9E4 /* Store.app */;
			productType = "com.apple.product-type.application";
		};
		6082629029658DF40065F9E4 /* StoreTests */ = {
			isa = PBXNativeTarget;
			buildConfigurationList = 608262A829658DF50065F9E4 /* Build configuration list for PBXNativeTarget "StoreTests" */;
			buildPhases = (
				6082628D29658DF40065F9E4 /* Sources */,
				6082628E29658DF40065F9E4 /* Frameworks */,
				6082628F29658DF40065F9E4 /* Resources */,
			);
			buildRules = (
			);
			dependencies = (
				6082629329658DF40065F9E4 /* PBXTargetDependency */,
			);
			name = StoreTests;
			productName = StoreTests;
			productReference = 6082629129658DF40065F9E4 /* StoreTests.xctest */;
			productType = "com.apple.product-type.bundle.unit-test";
		};
		6082629A29658DF50065F9E4 /* StoreUITests */ = {
			isa = PBXNativeTarget;
			buildConfigurationList = 608262AB29658DF50065F9E4 /* Build configuration list for PBXNativeTarget "StoreUITests" */;
			buildPhases = (
				6082629729658DF50065F9E4 /* Sources */,
				6082629829658DF50065F9E4 /* Frameworks */,
				6082629929658DF50065F9E4 /* Resources */,
			);
			buildRules = (
			);
			dependencies = (
				6082629D29658DF50065F9E4 /* PBXTargetDependency */,
			);
			name = StoreUITests;
			productName = StoreUITests;
			productReference = 6082629B29658DF50065F9E4 /* StoreUITests.xctest */;
			productType = "com.apple.product-type.bundle.ui-testing";
		};
/* End PBXNativeTarget section */

/* Begin PBXProject section */
		6082627329658DF40065F9E4 /* Project object */ = {
			isa = PBXProject;
			attributes = {
				BuildIndependentTargetsInParallel = 1;
				LastSwiftUpdateCheck = 1420;
				LastUpgradeCheck = 1420;
				TargetAttributes = {
					6082627A29658DF40065F9E4 = {
						CreatedOnToolsVersion = 14.2;
					};
					6082629029658DF40065F9E4 = {
						CreatedOnToolsVersion = 14.2;
						TestTargetID = 6082627A29658DF40065F9E4;
					};
					6082629A29658DF50065F9E4 = {
						CreatedOnToolsVersion = 14.2;
						TestTargetID = 6082627A29658DF40065F9E4;
					};
				};
			};
			buildConfigurationList = 6082627629658DF40065F9E4 /* Build configuration list for PBXProject "Store" */;
			compatibilityVersion = "Xcode 14.0";
			developmentRegion = en;
			hasScannedForEncodings = 0;
			knownRegions = (
				en,
				Base,
			);
			mainGroup = 6082627229658DF40065F9E4;
			productRefGroup = 6082627C29658DF40065F9E4 /* Products */;
			projectDirPath = "";
			projectRoot = "";
			targets = (
				6082627A29658DF40065F9E4 /* Store */,
				6082629029658DF40065F9E4 /* StoreTests */,
				6082629A29658DF50065F9E4 /* StoreUITests */,
			);
		};
/* End PBXProject section */

/* Begin PBXResourcesBuildPhase section */
		6082627929658DF40065F9E4 /* Resources */ = {
			isa = PBXResourcesBuildPhase;
			buildActionMask = 2147483647;
			files = (
				6082628B29658DF40065F9E4 /* LaunchScreen.storyboard in Resources */,
				6082628829658DF40065F9E4 /* Assets.xcassets in Resources */,
			);
			runOnlyForDeploymentPostprocessing = 0;
		};
		6082628F29658DF40065F9E4 /* Resources */ = {
			isa = PBXResourcesBuildPhase;
			buildActionMask = 2147483647;
			files = (
			);
			runOnlyForDeploymentPostprocessing = 0;
		};
		6082629929658DF50065F9E4 /* Resources */ = {
			isa = PBXResourcesBuildPhase;
			buildActionMask = 2147483647;
			files = (
			);
			runOnlyForDeploymentPostprocessing = 0;
		};
/* End PBXResourcesBuildPhase section */

/* Begin PBXSourcesBuildPhase section */
		6082627729658DF40065F9E4 /* Sources */ = {
			isa = PBXSourcesBuildPhase;
			buildActionMask = 2147483647;
			files = (
				608262B52965933E0065F9E4 /* StoreHTTPClient.swift in Sources */,
				608262B8296593E40065F9E4 /* Category.swift in Sources */,
				608262BB296594500065F9E4 /* URL+Extensions.swift in Sources */,
				608262B229658EB50065F9E4 /* CategoriesTableViewController.swift in Sources */,
				6082627F29658DF40065F9E4 /* AppDelegate.swift in Sources */,
				6082628129658DF40065F9E4 /* SceneDelegate.swift in Sources */,
			);
			runOnlyForDeploymentPostprocessing = 0;
		};
		6082628D29658DF40065F9E4 /* Sources */ = {
			isa = PBXSourcesBuildPhase;
			buildActionMask = 2147483647;
			files = (
				6082629629658DF40065F9E4 /* StoreTests.swift in Sources */,
			);
			runOnlyForDeploymentPostprocessing = 0;
		};
		6082629729658DF50065F9E4 /* Sources */ = {
			isa = PBXSourcesBuildPhase;
			buildActionMask = 2147483647;
			files = (
				608262A229658DF50065F9E4 /* StoreUITestsLaunchTests.swift in Sources */,
				608262A029658DF50065F9E4 /* StoreUITests.swift in Sources */,
			);
			runOnlyForDeploymentPostprocessing = 0;
		};
/* End PBXSourcesBuildPhase section */

/* Begin PBXTargetDependency section */
		6082629329658DF40065F9E4 /* PBXTargetDependency */ = {
			isa = PBXTargetDependency;
			target = 6082627A29658DF40065F9E4 /* Store */;
			targetProxy = 6082629229658DF40065F9E4 /* PBXContainerItemProxy */;
		};
		6082629D29658DF50065F9E4 /* PBXTargetDependency */ = {
			isa = PBXTargetDependency;
			target = 6082627A29658DF40065F9E4 /* Store */;
			targetProxy = 6082629C29658DF50065F9E4 /* PBXContainerItemProxy */;
		};
/* End PBXTargetDependency section */

/* Begin PBXVariantGroup section */
		6082628929658DF40065F9E4 /* LaunchScreen.storyboard */ = {
			isa = PBXVariantGroup;
			children = (
				6082628A29658DF40065F9E4 /* Base */,
			);
			name = LaunchScreen.storyboard;
			sourceTree = "<group>";
		};
/* End PBXVariantGroup section */

/* Begin XCBuildConfiguration section */
		608262A329658DF50065F9E4 /* Debug */ = {
			isa = XCBuildConfiguration;
			buildSettings = {
				ALWAYS_SEARCH_USER_PATHS = NO;
				CLANG_ANALYZER_NONNULL = YES;
				CLANG_ANALYZER_NUMBER_OBJECT_CONVERSION = YES_AGGRESSIVE;
				CLANG_CXX_LANGUAGE_STANDARD = "gnu++20";
				CLANG_ENABLE_MODULES = YES;
				CLANG_ENABLE_OBJC_ARC = YES;
				CLANG_ENABLE_OBJC_WEAK = YES;
				CLANG_WARN_BLOCK_CAPTURE_AUTORELEASING = YES;
				CLANG_WARN_BOOL_CONVERSION = YES;
				CLANG_WARN_COMMA = YES;
				CLANG_WARN_CONSTANT_CONVERSION = YES;
				CLANG_WARN_DEPRECATED_OBJC_IMPLEMENTATIONS = YES;
				CLANG_WARN_DIRECT_OBJC_ISA_USAGE = YES_ERROR;
				CLANG_WARN_DOCUMENTATION_COMMENTS = YES;
				CLANG_WARN_EMPTY_BODY = YES;
				CLANG_WARN_ENUM_CONVERSION = YES;
				CLANG_WARN_INFINITE_RECURSION = YES;
				CLANG_WARN_INT_CONVERSION = YES;
				CLANG_WARN_NON_LITERAL_NULL_CONVERSION = YES;
				CLANG_WARN_OBJC_IMPLICIT_RETAIN_SELF = YES;
				CLANG_WARN_OBJC_LITERAL_CONVERSION = YES;
				CLANG_WARN_OBJC_ROOT_CLASS = YES_ERROR;
				CLANG_WARN_QUOTED_INCLUDE_IN_FRAMEWORK_HEADER = YES;
				CLANG_WARN_RANGE_LOOP_ANALYSIS = YES;
				CLANG_WARN_STRICT_PROTOTYPES = YES;
				CLANG_WARN_SUSPICIOUS_MOVE = YES;
				CLANG_WARN_UNGUARDED_AVAILABILITY = YES_AGGRESSIVE;
				CLANG_WARN_UNREACHABLE_CODE = YES;
				CLANG_WARN__DUPLICATE_METHOD_MATCH = YES;
				COPY_PHASE_STRIP = NO;
				DEBUG_INFORMATION_FORMAT = dwarf;
				ENABLE_STRICT_OBJC_MSGSEND = YES;
				ENABLE_TESTABILITY = YES;
				GCC_C_LANGUAGE_STANDARD = gnu11;
				GCC_DYNAMIC_NO_PIC = NO;
				GCC_NO_COMMON_BLOCKS = YES;
				GCC_OPTIMIZATION_LEVEL = 0;
				GCC_PREPROCESSOR_DEFINITIONS = (
					"DEBUG=1",
					"$(inherited)",
				);
				GCC_WARN_64_TO_32_BIT_CONVERSION = YES;
				GCC_WARN_ABOUT_RETURN_TYPE = YES_ERROR;
				GCC_WARN_UNDECLARED_SELECTOR = YES;
				GCC_WARN_UNINITIALIZED_AUTOS = YES_AGGRESSIVE;
				GCC_WARN_UNUSED_FUNCTION = YES;
				GCC_WARN_UNUSED_VARIABLE = YES;
				IPHONEOS_DEPLOYMENT_TARGET = 16.2;
				MTL_ENABLE_DEBUG_INFO = INCLUDE_SOURCE;
				MTL_FAST_MATH = YES;
				ONLY_ACTIVE_ARCH = YES;
				SDKROOT = iphoneos;
				SWIFT_ACTIVE_COMPILATION_CONDITIONS = DEBUG;
				SWIFT_OPTIMIZATION_LEVEL = "-Onone";
			};
			name = Debug;
		};
		608262A429658DF50065F9E4 /* Release */ = {
			isa = XCBuildConfiguration;
			buildSettings = {
				ALWAYS_SEARCH_USER_PATHS = NO;
				CLANG_ANALYZER_NONNULL = YES;
				CLANG_ANALYZER_NUMBER_OBJECT_CONVERSION = YES_AGGRESSIVE;
				CLANG_CXX_LANGUAGE_STANDARD = "gnu++20";
				CLANG_ENABLE_MODULES = YES;
				CLANG_ENABLE_OBJC_ARC = YES;
				CLANG_ENABLE_OBJC_WEAK = YES;
				CLANG_WARN_BLOCK_CAPTURE_AUTORELEASING = YES;
				CLANG_WARN_BOOL_CONVERSION = YES;
				CLANG_WARN_COMMA = YES;
				CLANG_WARN_CONSTANT_CONVERSION = YES;
				CLANG_WARN_DEPRECATED_OBJC_IMPLEMENTATIONS = YES;
				CLANG_WARN_DIRECT_OBJC_ISA_USAGE = YES_ERROR;
				CLANG_WARN_DOCUMENTATION_COMMENTS = YES;
				CLANG_WARN_EMPTY_BODY = YES;
				CLANG_WARN_ENUM_CONVERSION = YES;
				CLANG_WARN_INFINITE_RECURSION = YES;
				CLANG_WARN_INT_CONVERSION = YES;
				CLANG_WARN_NON_LITERAL_NULL_CONVERSION = YES;
				CLANG_WARN_OBJC_IMPLICIT_RETAIN_SELF = YES;
				CLANG_WARN_OBJC_LITERAL_CONVERSION = YES;
				CLANG_WARN_OBJC_ROOT_CLASS = YES_ERROR;
				CLANG_WARN_QUOTED_INCLUDE_IN_FRAMEWORK_HEADER = YES;
				CLANG_WARN_RANGE_LOOP_ANALYSIS = YES;
				CLANG_WARN_STRICT_PROTOTYPES = YES;
				CLANG_WARN_SUSPICIOUS_MOVE = YES;
				CLANG_WARN_UNGUARDED_AVAILABILITY = YES_AGGRESSIVE;
				CLANG_WARN_UNREACHABLE_CODE = YES;
				CLANG_WARN__DUPLICATE_METHOD_MATCH = YES;
				COPY_PHASE_STRIP = NO;
				DEBUG_INFORMATION_FORMAT = "dwarf-with-dsym";
				ENABLE_NS_ASSERTIONS = NO;
				ENABLE_STRICT_OBJC_MSGSEND = YES;
				GCC_C_LANGUAGE_STANDARD = gnu11;
				GCC_NO_COMMON_BLOCKS = YES;
				GCC_WARN_64_TO_32_BIT_CONVERSION = YES;
				GCC_WARN_ABOUT_RETURN_TYPE = YES_ERROR;
				GCC_WARN_UNDECLARED_SELECTOR = YES;
				GCC_WARN_UNINITIALIZED_AUTOS = YES_AGGRESSIVE;
				GCC_WARN_UNUSED_FUNCTION = YES;
				GCC_WARN_UNUSED_VARIABLE = YES;
				IPHONEOS_DEPLOYMENT_TARGET = 16.2;
				MTL_ENABLE_DEBUG_INFO = NO;
				MTL_FAST_MATH = YES;
				SDKROOT = iphoneos;
				SWIFT_COMPILATION_MODE = wholemodule;
				SWIFT_OPTIMIZATION_LEVEL = "-O";
				VALIDATE_PRODUCT = YES;
			};
			name = Release;
		};
		608262A629658DF50065F9E4 /* Debug */ = {
			isa = XCBuildConfiguration;
			buildSettings = {
				ASSETCATALOG_COMPILER_APPICON_NAME = AppIcon;
				ASSETCATALOG_COMPILER_GLOBAL_ACCENT_COLOR_NAME = AccentColor;
				CODE_SIGN_STYLE = Automatic;
				CURRENT_PROJECT_VERSION = 1;
				DEVELOPMENT_TEAM = WL3K4A7DH8;
				GENERATE_INFOPLIST_FILE = YES;
				INFOPLIST_FILE = Store/Info.plist;
				INFOPLIST_KEY_UIApplicationSupportsIndirectInputEvents = YES;
				INFOPLIST_KEY_UILaunchStoryboardName = LaunchScreen;
				INFOPLIST_KEY_UISupportedInterfaceOrientations_iPad = "UIInterfaceOrientationPortrait UIInterfaceOrientationPortraitUpsideDown UIInterfaceOrientationLandscapeLeft UIInterfaceOrientationLandscapeRight";
				INFOPLIST_KEY_UISupportedInterfaceOrientations_iPhone = "UIInterfaceOrientationPortrait UIInterfaceOrientationLandscapeLeft UIInterfaceOrientationLandscapeRight";
				IPHONEOS_DEPLOYMENT_TARGET = 15.0;
				LD_RUNPATH_SEARCH_PATHS = (
					"$(inherited)",
					"@executable_path/Frameworks",
				);
				MARKETING_VERSION = 1.0;
				PRODUCT_BUNDLE_IDENTIFIER = com.barisdilekci.Store;
				PRODUCT_NAME = "$(TARGET_NAME)";
				SWIFT_EMIT_LOC_STRINGS = YES;
				SWIFT_VERSION = 5.0;
				TARGETED_DEVICE_FAMILY = "1,2";
			};
			name = Debug;
		};
		608262A729658DF50065F9E4 /* Release */ = {
			isa = XCBuildConfiguration;
			buildSettings = {
				ASSETCATALOG_COMPILER_APPICON_NAME = AppIcon;
				ASSETCATALOG_COMPILER_GLOBAL_ACCENT_COLOR_NAME = AccentColor;
				CODE_SIGN_STYLE = Automatic;
				CURRENT_PROJECT_VERSION = 1;
				DEVELOPMENT_TEAM = WL3K4A7DH8;
				GENERATE_INFOPLIST_FILE = YES;
				INFOPLIST_FILE = Store/Info.plist;
				INFOPLIST_KEY_UIApplicationSupportsIndirectInputEvents = YES;
				INFOPLIST_KEY_UILaunchStoryboardName = LaunchScreen;
				INFOPLIST_KEY_UISupportedInterfaceOrientations_iPad = "UIInterfaceOrientationPortrait UIInterfaceOrientationPortraitUpsideDown UIInterfaceOrientationLandscapeLeft UIInterfaceOrientationLandscapeRight";
				INFOPLIST_KEY_UISupportedInterfaceOrientations_iPhone = "UIInterfaceOrientationPortrait UIInterfaceOrientationLandscapeLeft UIInterfaceOrientationLandscapeRight";
				IPHONEOS_DEPLOYMENT_TARGET = 15.0;
				LD_RUNPATH_SEARCH_PATHS = (
					"$(inherited)",
					"@executable_path/Frameworks",
				);
				MARKETING_VERSION = 1.0;
				PRODUCT_BUNDLE_IDENTIFIER = com.barisdilekci.Store;
				PRODUCT_NAME = "$(TARGET_NAME)";
				SWIFT_EMIT_LOC_STRINGS = YES;
				SWIFT_VERSION = 5.0;
				TARGETED_DEVICE_FAMILY = "1,2";
			};
			name = Release;
		};
		608262A929658DF50065F9E4 /* Debug */ = {
			isa = XCBuildConfiguration;
			buildSettings = {
				ALWAYS_EMBED_SWIFT_STANDARD_LIBRARIES = YES;
				BUNDLE_LOADER = "$(TEST_HOST)";
				CODE_SIGN_STYLE = Automatic;
				CURRENT_PROJECT_VERSION = 1;
				DEVELOPMENT_TEAM = WL3K4A7DH8;
				GENERATE_INFOPLIST_FILE = YES;
				IPHONEOS_DEPLOYMENT_TARGET = 16.2;
				MARKETING_VERSION = 1.0;
				PRODUCT_BUNDLE_IDENTIFIER = com.barisdilekci.StoreTests;
				PRODUCT_NAME = "$(TARGET_NAME)";
				SWIFT_EMIT_LOC_STRINGS = NO;
				SWIFT_VERSION = 5.0;
				TARGETED_DEVICE_FAMILY = "1,2";
				TEST_HOST = "$(BUILT_PRODUCTS_DIR)/Store.app/$(BUNDLE_EXECUTABLE_FOLDER_PATH)/Store";
			};
			name = Debug;
		};
		608262AA29658DF50065F9E4 /* Release */ = {
			isa = XCBuildConfiguration;
			buildSettings = {
				ALWAYS_EMBED_SWIFT_STANDARD_LIBRARIES = YES;
				BUNDLE_LOADER = "$(TEST_HOST)";
				CODE_SIGN_STYLE = Automatic;
				CURRENT_PROJECT_VERSION = 1;
				DEVELOPMENT_TEAM = WL3K4A7DH8;
				GENERATE_INFOPLIST_FILE = YES;
				IPHONEOS_DEPLOYMENT_TARGET = 16.2;
				MARKETING_VERSION = 1.0;
				PRODUCT_BUNDLE_IDENTIFIER = com.barisdilekci.StoreTests;
				PRODUCT_NAME = "$(TARGET_NAME)";
				SWIFT_EMIT_LOC_STRINGS = NO;
				SWIFT_VERSION = 5.0;
				TARGETED_DEVICE_FAMILY = "1,2";
				TEST_HOST = "$(BUILT_PRODUCTS_DIR)/Store.app/$(BUNDLE_EXECUTABLE_FOLDER_PATH)/Store";
			};
			name = Release;
		};
		608262AC29658DF50065F9E4 /* Debug */ = {
			isa = XCBuildConfiguration;
			buildSettings = {
				ALWAYS_EMBED_SWIFT_STANDARD_LIBRARIES = YES;
				CODE_SIGN_STYLE = Automatic;
				CURRENT_PROJECT_VERSION = 1;
				DEVELOPMENT_TEAM = WL3K4A7DH8;
				GENERATE_INFOPLIST_FILE = YES;
				MARKETING_VERSION = 1.0;
				PRODUCT_BUNDLE_IDENTIFIER = com.barisdilekci.StoreUITests;
				PRODUCT_NAME = "$(TARGET_NAME)";
				SWIFT_EMIT_LOC_STRINGS = NO;
				SWIFT_VERSION = 5.0;
				TARGETED_DEVICE_FAMILY = "1,2";
				TEST_TARGET_NAME = Store;
			};
			name = Debug;
		};
		608262AD29658DF50065F9E4 /* Release */ = {
			isa = XCBuildConfiguration;
			buildSettings = {
				ALWAYS_EMBED_SWIFT_STANDARD_LIBRARIES = YES;
				CODE_SIGN_STYLE = Automatic;
				CURRENT_PROJECT_VERSION = 1;
				DEVELOPMENT_TEAM = WL3K4A7DH8;
				GENERATE_INFOPLIST_FILE = YES;
				MARKETING_VERSION = 1.0;
				PRODUCT_BUNDLE_IDENTIFIER = com.barisdilekci.StoreUITests;
				PRODUCT_NAME = "$(TARGET_NAME)";
				SWIFT_EMIT_LOC_STRINGS = NO;
				SWIFT_VERSION = 5.0;
				TARGETED_DEVICE_FAMILY = "1,2";
				TEST_TARGET_NAME = Store;
			};
			name = Release;
		};
/* End XCBuildConfiguration section */

/* Begin XCConfigurationList section */
		6082627629658DF40065F9E4 /* Build configuration list for PBXProject "Store" */ = {
			isa = XCConfigurationList;
			buildConfigurations = (
				608262A329658DF50065F9E4 /* Debug */,
				608262A429658DF50065F9E4 /* Release */,
			);
			defaultConfigurationIsVisible = 0;
			defaultConfigurationName = Release;
		};
		608262A529658DF50065F9E4 /* Build configuration list for PBXNativeTarget "Store" */ = {
			isa = XCConfigurationList;
			buildConfigurations = (
				608262A629658DF50065F9E4 /* Debug */,
				608262A729658DF50065F9E4 /* Release */,
			);
			defaultConfigurationIsVisible = 0;
			defaultConfigurationName = Release;
		};
		608262A829658DF50065F9E4 /* Build configuration list for PBXNativeTarget "StoreTests" */ = {
			isa = XCConfigurationList;
			buildConfigurations = (
				608262A929658DF50065F9E4 /* Debug */,
				608262AA29658DF50065F9E4 /* Release */,
			);
			defaultConfigurationIsVisible = 0;
			defaultConfigurationName = Release;
		};
		608262AB29658DF50065F9E4 /* Build configuration list for PBXNativeTarget "StoreUITests" */ = {
			isa = XCConfigurationList;
			buildConfigurations = (
				608262AC29658DF50065F9E4 /* Debug */,
				608262AD29658DF50065F9E4 /* Release */,
			);
			defaultConfigurationIsVisible = 0;
			defaultConfigurationName = Release;
		};
/* End XCConfigurationList section */
	};
	rootObject = 6082627329658DF40065F9E4 /* Project object */;
}
